
Microsoft Visual Studio Solution File, Format Version 12.00
# Visual Studio Version 17
VisualStudioVersion = 17.8.34309.116
MinimumVisualStudioVersion = 10.0.40219.1
Project("{FAE04EC0-301F-11D3-BF4B-00C04F79EFBC}") = "QRKOD", "QRKOD\QRKOD.csproj", "{94CBF890-9D73-4044-B0F2-FBF85AEBD169}"
EndProject
Global
	GlobalSection(SolutionConfigurationPlatforms) = preSolution
		Debug|Any CPU = Debug|Any CPU
		Release|Any CPU = Release|Any CPU
	EndGlobalSection
	GlobalSection(ProjectConfigurationPlatforms) = postSolution
		{94CBF890-9D73-4044-B0F2-FBF85AEBD169}.Debug|Any CPU.ActiveCfg = Debug|Any CPU
		{94CBF890-9D73-4044-B0F2-FBF85AEBD169}.Debug|Any CPU.Build.0 = Debug|Any CPU
		{94CBF890-9D73-4044-B0F2-FBF85AEBD169}.Release|Any CPU.ActiveCfg = Release|Any CPU
		{94CBF890-9D73-4044-B0F2-FBF85AEBD169}.Release|Any CPU.Build.0 = Release|Any CPU
	EndGlobalSection
	GlobalSection(SolutionProperties) = preSolution
		HideSolutionNode = FALSE
	EndGlobalSection
	GlobalSection(ExtensibilityGlobals) = postSolution
		SolutionGuid = {B9C26E87-98E6-4D74-AD59-39BD9D1E7AC2}
	EndGlobalSection
EndGlobal
